
Microsoft Visual Studio Solution File, Format Version 12.00
# Visual Studio Version 16
VisualStudioVersion = 16.0.33423.256
MinimumVisualStudioVersion = 10.0.40219.1
Project("{FAE04EC0-301F-11D3-BF4B-00C04F79EFBC}") = "SimpleKeyLogger", "SimpleKeyLogger\SimpleKeyLogger.csproj", "{3D79C810-58A6-4932-AE38-E7F99CC745F1}"
EndProject
Global
	GlobalSection(SolutionConfigurationPlatforms) = preSolution
		Debug|Any CPU = Debug|Any CPU
		Release|Any CPU = Release|Any CPU
	EndGlobalSection
	GlobalSection(ProjectConfigurationPlatforms) = postSolution
		{3D79C810-58A6-4932-AE38-E7F99CC745F1}.Debug|Any CPU.ActiveCfg = Debug|Any CPU
		{3D79C810-58A6-4932-AE38-E7F99CC745F1}.Debug|Any CPU.Build.0 = Debug|Any CPU
		{3D79C810-58A6-4932-AE38-E7F99CC745F1}.Release|Any CPU.ActiveCfg = Release|Any CPU
		{3D79C810-58A6-4932-AE38-E7F99CC745F1}.Release|Any CPU.Build.0 = Release|Any CPU
	EndGlobalSection
	GlobalSection(SolutionProperties) = preSolution
		HideSolutionNode = FALSE
	EndGlobalSection
	GlobalSection(ExtensibilityGlobals) = postSolution
		SolutionGuid = {1AA58BFE-45BB-459D-A534-FEEA6DED265A}
	EndGlobalSection
EndGlobal
